
Microsoft Visual Studio Solution File, Format Version 12.00
# Visual Studio Version 17
VisualStudioVersion = 17.8.34525.116
MinimumVisualStudioVersion = 10.0.40219.1
Project("{9A19103F-16F7-4668-BE54-9A1E7A4F7556}") = "firstWepApi", "firstWepApi\firstWepApi.csproj", "{2C9BB3C4-B6EA-42AC-8736-A67361C5C974}"
EndProject
Project("{FAE04EC0-301F-11D3-BF4B-00C04F79EFBC}") = "Entities", "Entities\Entities.csproj", "{437DBB10-8041-403D-97E9-C2D1F254A264}"
EndProject
Project("{FAE04EC0-301F-11D3-BF4B-00C04F79EFBC}") = "Repositories", "Repositories\Repositories.csproj", "{4EE4B0E9-ADD3-4518-972D-7E2289AE6200}"
EndProject
Project("{FAE04EC0-301F-11D3-BF4B-00C04F79EFBC}") = "Services", "Services\Services.csproj", "{950064DE-8272-4D62-9DD0-630720ED9C10}"
EndProject
Project("{FAE04EC0-301F-11D3-BF4B-00C04F79EFBC}") = "Presentation", "Presentation\Presentation.csproj", "{BF84BA12-71E0-4621-991B-AE07387F4720}"
EndProject
Global
	GlobalSection(SolutionConfigurationPlatforms) = preSolution
		Debug|Any CPU = Debug|Any CPU
		Release|Any CPU = Release|Any CPU
	EndGlobalSection
	GlobalSection(ProjectConfigurationPlatforms) = postSolution
		{2C9BB3C4-B6EA-42AC-8736-A67361C5C974}.Debug|Any CPU.ActiveCfg = Debug|Any CPU
		{2C9BB3C4-B6EA-42AC-8736-A67361C5C974}.Debug|Any CPU.Build.0 = Debug|Any CPU
		{2C9BB3C4-B6EA-42AC-8736-A67361C5C974}.Release|Any CPU.ActiveCfg = Release|Any CPU
		{2C9BB3C4-B6EA-42AC-8736-A67361C5C974}.Release|Any CPU.Build.0 = Release|Any CPU
		{437DBB10-8041-403D-97E9-C2D1F254A264}.Debug|Any CPU.ActiveCfg = Debug|Any CPU
		{437DBB10-8041-403D-97E9-C2D1F254A264}.Debug|Any CPU.Build.0 = Debug|Any CPU
		{437DBB10-8041-403D-97E9-C2D1F254A264}.Release|Any CPU.ActiveCfg = Release|Any CPU
		{437DBB10-8041-403D-97E9-C2D1F254A264}.Release|Any CPU.Build.0 = Release|Any CPU
		{4EE4B0E9-ADD3-4518-972D-7E2289AE6200}.Debug|Any CPU.ActiveCfg = Debug|Any CPU
		{4EE4B0E9-ADD3-4518-972D-7E2289AE6200}.Debug|Any CPU.Build.0 = Debug|Any CPU
		{4EE4B0E9-ADD3-4518-972D-7E2289AE6200}.Release|Any CPU.ActiveCfg = Release|Any CPU
		{4EE4B0E9-ADD3-4518-972D-7E2289AE6200}.Release|Any CPU.Build.0 = Release|Any CPU
		{950064DE-8272-4D62-9DD0-630720ED9C10}.Debug|Any CPU.ActiveCfg = Debug|Any CPU
		{950064DE-8272-4D62-9DD0-630720ED9C10}.Debug|Any CPU.Build.0 = Debug|Any CPU
		{950064DE-8272-4D62-9DD0-630720ED9C10}.Release|Any CPU.ActiveCfg = Release|Any CPU
		{950064DE-8272-4D62-9DD0-630720ED9C10}.Release|Any CPU.Build.0 = Release|Any CPU
		{BF84BA12-71E0-4621-991B-AE07387F4720}.Debug|Any CPU.ActiveCfg = Debug|Any CPU
		{BF84BA12-71E0-4621-991B-AE07387F4720}.Debug|Any CPU.Build.0 = Debug|Any CPU
		{BF84BA12-71E0-4621-991B-AE07387F4720}.Release|Any CPU.ActiveCfg = Release|Any CPU
		{BF84BA12-71E0-4621-991B-AE07387F4720}.Release|Any CPU.Build.0 = Release|Any CPU
	EndGlobalSection
	GlobalSection(SolutionProperties) = preSolution
		HideSolutionNode = FALSE
	EndGlobalSection
	GlobalSection(ExtensibilityGlobals) = postSolution
		SolutionGuid = {0B161DA6-8CEB-4659-9500-68C413C01B46}
	EndGlobalSection
EndGlobal
